
Microsoft Visual Studio Solution File, Format Version 11.00
# Visual C# Express 2010
Project("{FAE04EC0-301F-11D3-BF4B-00C04F79EFBC}") = "TowerDefenseTutorial", "TowerDefenseTutorial\TowerDefenseTutorial.csproj", "{30808729-A8E6-40A1-A418-A3CDD04901CF}"
EndProject
Project("{FAE04EC0-301F-11D3-BF4B-00C04F79EFBC}") = "TowerDefenseTutorialContent", "TowerDefenseTutorial\Content\TowerDefenseTutorialContent.contentproj", "{9B489020-1306-45CB-BE3B-7E0349878182}"
EndProject
Global
	GlobalSection(SolutionConfigurationPlatforms) = preSolution
		Debug|x86 = Debug|x86
		Release|x86 = Release|x86
	EndGlobalSection
	GlobalSection(ProjectConfigurationPlatforms) = postSolution
		{30808729-A8E6-40A1-A418-A3CDD04901CF}.Debug|x86.ActiveCfg = Debug|x86
		{30808729-A8E6-40A1-A418-A3CDD04901CF}.Debug|x86.Build.0 = Debug|x86
		{30808729-A8E6-40A1-A418-A3CDD04901CF}.Release|x86.ActiveCfg = Release|x86
		{30808729-A8E6-40A1-A418-A3CDD04901CF}.Release|x86.Build.0 = Release|x86
		{9B489020-1306-45CB-BE3B-7E0349878182}.Debug|x86.ActiveCfg = Debug|x86
		{9B489020-1306-45CB-BE3B-7E0349878182}.Release|x86.ActiveCfg = Release|x86
	EndGlobalSection
	GlobalSection(SolutionProperties) = preSolution
		HideSolutionNode = FALSE
	EndGlobalSection
EndGlobal
